
Microsoft Visual Studio Solution File, Format Version 12.00
# Visual Studio Version 17
VisualStudioVersion = 17.0.31903.59
MinimumVisualStudioVersion = 10.0.40219.1
Project("{FAE04EC0-301F-11D3-BF4B-00C04F79EFBC}") = "TTO.API", "TTO.API\TTO.API.csproj", "{F91998AF-62F6-4CE8-B9B6-ED47BF0BA882}"
EndProject
Project("{FAE04EC0-301F-11D3-BF4B-00C04F79EFBC}") = "TTO.Core", "TTO.Core\TTO.Core.csproj", "{322C708E-8656-4EE0-9E47-332FB91E4303}"
EndProject
Project("{FAE04EC0-301F-11D3-BF4B-00C04F79EFBC}") = "TTO.Infrastructure", "TTO.Infrastructure\TTO.Infrastructure.csproj", "{8F8BCA72-E463-4B4C-9816-8ADD0B44CBFB}"
EndProject
Global
	GlobalSection(SolutionConfigurationPlatforms) = preSolution
		Debug|Any CPU = Debug|Any CPU
		Debug|x64 = Debug|x64
		Debug|x86 = Debug|x86
		Release|Any CPU = Release|Any CPU
		Release|x64 = Release|x64
		Release|x86 = Release|x86
	EndGlobalSection
	GlobalSection(ProjectConfigurationPlatforms) = postSolution
		{F91998AF-62F6-4CE8-B9B6-ED47BF0BA882}.Debug|Any CPU.ActiveCfg = Debug|Any CPU
		{F91998AF-62F6-4CE8-B9B6-ED47BF0BA882}.Debug|Any CPU.Build.0 = Debug|Any CPU
		{F91998AF-62F6-4CE8-B9B6-ED47BF0BA882}.Debug|x64.ActiveCfg = Debug|Any CPU
		{F91998AF-62F6-4CE8-B9B6-ED47BF0BA882}.Debug|x64.Build.0 = Debug|Any CPU
		{F91998AF-62F6-4CE8-B9B6-ED47BF0BA882}.Debug|x86.ActiveCfg = Debug|Any CPU
		{F91998AF-62F6-4CE8-B9B6-ED47BF0BA882}.Debug|x86.Build.0 = Debug|Any CPU
		{F91998AF-62F6-4CE8-B9B6-ED47BF0BA882}.Release|Any CPU.ActiveCfg = Release|Any CPU
		{F91998AF-62F6-4CE8-B9B6-ED47BF0BA882}.Release|Any CPU.Build.0 = Release|Any CPU
		{F91998AF-62F6-4CE8-B9B6-ED47BF0BA882}.Release|x64.ActiveCfg = Release|Any CPU
		{F91998AF-62F6-4CE8-B9B6-ED47BF0BA882}.Release|x64.Build.0 = Release|Any CPU
		{F91998AF-62F6-4CE8-B9B6-ED47BF0BA882}.Release|x86.ActiveCfg = Release|Any CPU
		{F91998AF-62F6-4CE8-B9B6-ED47BF0BA882}.Release|x86.Build.0 = Release|Any CPU
		{322C708E-8656-4EE0-9E47-332FB91E4303}.Debug|Any CPU.ActiveCfg = Debug|Any CPU
		{322C708E-8656-4EE0-9E47-332FB91E4303}.Debug|Any CPU.Build.0 = Debug|Any CPU
		{322C708E-8656-4EE0-9E47-332FB91E4303}.Debug|x64.ActiveCfg = Debug|Any CPU
		{322C708E-8656-4EE0-9E47-332FB91E4303}.Debug|x64.Build.0 = Debug|Any CPU
		{322C708E-8656-4EE0-9E47-332FB91E4303}.Debug|x86.ActiveCfg = Debug|Any CPU
		{322C708E-8656-4EE0-9E47-332FB91E4303}.Debug|x86.Build.0 = Debug|Any CPU
		{322C708E-8656-4EE0-9E47-332FB91E4303}.Release|Any CPU.ActiveCfg = Release|Any CPU
		{322C708E-8656-4EE0-9E47-332FB91E4303}.Release|Any CPU.Build.0 = Release|Any CPU
		{322C708E-8656-4EE0-9E47-332FB91E4303}.Release|x64.ActiveCfg = Release|Any CPU
		{322C708E-8656-4EE0-9E47-332FB91E4303}.Release|x64.Build.0 = Release|Any CPU
		{322C708E-8656-4EE0-9E47-332FB91E4303}.Release|x86.ActiveCfg = Release|Any CPU
		{322C708E-8656-4EE0-9E47-332FB91E4303}.Release|x86.Build.0 = Release|Any CPU
		{8F8BCA72-E463-4B4C-9816-8ADD0B44CBFB}.Debug|Any CPU.ActiveCfg = Debug|Any CPU
		{8F8BCA72-E463-4B4C-9816-8ADD0B44CBFB}.Debug|Any CPU.Build.0 = Debug|Any CPU
		{8F8BCA72-E463-4B4C-9816-8ADD0B44CBFB}.Debug|x64.ActiveCfg = Debug|Any CPU
		{8F8BCA72-E463-4B4C-9816-8ADD0B44CBFB}.Debug|x64.Build.0 = Debug|Any CPU
		{8F8BCA72-E463-4B4C-9816-8ADD0B44CBFB}.Debug|x86.ActiveCfg = Debug|Any CPU
		{8F8BCA72-E463-4B4C-9816-8ADD0B44CBFB}.Debug|x86.Build.0 = Debug|Any CPU
		{8F8BCA72-E463-4B4C-9816-8ADD0B44CBFB}.Release|Any CPU.ActiveCfg = Release|Any CPU
		{8F8BCA72-E463-4B4C-9816-8ADD0B44CBFB}.Release|Any CPU.Build.0 = Release|Any CPU
		{8F8BCA72-E463-4B4C-9816-8ADD0B44CBFB}.Release|x64.ActiveCfg = Release|Any CPU
		{8F8BCA72-E463-4B4C-9816-8ADD0B44CBFB}.Release|x64.Build.0 = Release|Any CPU
		{8F8BCA72-E463-4B4C-9816-8ADD0B44CBFB}.Release|x86.ActiveCfg = Release|Any CPU
		{8F8BCA72-E463-4B4C-9816-8ADD0B44CBFB}.Release|x86.Build.0 = Release|Any CPU
	EndGlobalSection
	GlobalSection(SolutionProperties) = preSolution
		HideSolutionNode = FALSE
	EndGlobalSection
EndGlobal
